// !$*UTF8*$!
{
	archiveVersion = 1;
	classes = {
	};
	objectVersion = 55;
	objects = {

/* Begin PBXBuildFile section */
		0045C78F27621C4200F0D6DA /* AppDelegate.swift in Sources */ = {isa = PBXBuildFile; fileRef = 0045C78E27621C4200F0D6DA /* AppDelegate.swift */; };
		0045C79127621C4200F0D6DA /* SceneDelegate.swift in Sources */ = {isa = PBXBuildFile; fileRef = 0045C79027621C4200F0D6DA /* SceneDelegate.swift */; };
		0045C79327621C4200F0D6DA /* ViewController.swift in Sources */ = {isa = PBXBuildFile; fileRef = 0045C79227621C4200F0D6DA /* ViewController.swift */; };
		0045C79627621C4200F0D6DA /* Main.storyboard in Resources */ = {isa = PBXBuildFile; fileRef = 0045C79427621C4200F0D6DA /* Main.storyboard */; };
		0045C79827621C4400F0D6DA /* Assets.xcassets in Resources */ = {isa = PBXBuildFile; fileRef = 0045C79727621C4400F0D6DA /* Assets.xcassets */; };
		0045C79B27621C4400F0D6DA /* LaunchScreen.storyboard in Resources */ = {isa = PBXBuildFile; fileRef = 0045C79927621C4400F0D6DA /* LaunchScreen.storyboard */; };
		2F60B5487ED7A4BC7E633D89 /* Pods_DownloadButton_Example.framework in Frameworks */ = {isa = PBXBuildFile; fileRef = 9CCE5D88486AFFC4629AE6E6 /* Pods_DownloadButton_Example.framework */; };
/* End PBXBuildFile section */

/* Begin PBXFileReference section */
		0045C78B27621C4200F0D6DA /* DownloadButton-Example.app */ = {isa = PBXFileReference; explicitFileType = wrapper.application; includeInIndex = 0; path = "DownloadButton-Example.app"; sourceTree = BUILT_PRODUCTS_DIR; };
		0045C78E27621C4200F0D6DA /* AppDelegate.swift */ = {isa = PBXFileReference; lastKnownFileType = sourcecode.swift; path = AppDelegate.swift; sourceTree = "<group>"; };
		0045C79027621C4200F0D6DA /* SceneDelegate.swift */ = {isa = PBXFileReference; lastKnownFileType = sourcecode.swift; path = SceneDelegate.swift; sourceTree = "<group>"; };
		0045C79227621C4200F0D6DA /* ViewController.swift */ = {isa = PBXFileReference; lastKnownFileType = sourcecode.swift; path = ViewController.swift; sourceTree = "<group>"; };
		0045C79527621C4200F0D6DA /* Base */ = {isa = PBXFileReference; lastKnownFileType = file.storyboard; name = Base; path = Base.lproj/Main.storyboard; sourceTree = "<group>"; };
		0045C79727621C4400F0D6DA /* Assets.xcassets */ = {isa = PBXFileReference; lastKnownFileType = folder.assetcatalog; path = Assets.xcassets; sourceTree = "<group>"; };
		0045C79A27621C4400F0D6DA /* Base */ = {isa = PBXFileReference; lastKnownFileType = file.storyboard; name = Base; path = Base.lproj/LaunchScreen.storyboard; sourceTree = "<group>"; };
		0045C79C27621C4400F0D6DA /* Info.plist */ = {isa = PBXFileReference; lastKnownFileType = text.plist.xml; path = Info.plist; sourceTree = "<group>"; };
		82D8DC0AD3D913F3217F7CAD /* Pods-DownloadButton-Example.debug.xcconfig */ = {isa = PBXFileReference; includeInIndex = 1; lastKnownFileType = text.xcconfig; name = "Pods-DownloadButton-Example.debug.xcconfig"; path = "Target Support Files/Pods-DownloadButton-Example/Pods-DownloadButton-Example.debug.xcconfig"; sourceTree = "<group>"; };
		9CCE5D88486AFFC4629AE6E6 /* Pods_DownloadButton_Example.framework */ = {isa = PBXFileReference; explicitFileType = wrapper.framework; includeInIndex = 0; path = Pods_DownloadButton_Example.framework; sourceTree = BUILT_PRODUCTS_DIR; };
		FA2B379101F7AE61492078DB /* Pods-DownloadButton-Example.release.xcconfig */ = {isa = PBXFileReference; includeInIndex = 1; lastKnownFileType = text.xcconfig; name = "Pods-DownloadButton-Example.release.xcconfig"; path = "Target Support Files/Pods-DownloadButton-Example/Pods-DownloadButton-Example.release.xcconfig"; sourceTree = "<group>"; };
/* End PBXFileReference section */

/* Begin PBXFrameworksBuildPhase section */
		0045C78827621C4200F0D6DA /* Frameworks */ = {
			isa = PBXFrameworksBuildPhase;
			buildActionMask = 2147483647;
			files = (
				2F60B5487ED7A4BC7E633D89 /* Pods_DownloadButton_Example.framework in Frameworks */,
			);
			runOnlyForDeploymentPostprocessing = 0;
		};
/* End PBXFrameworksBuildPhase section */

/* Begin PBXGroup section */
		0045C78227621C4200F0D6DA = {
			isa = PBXGroup;
			children = (
				0045C78D27621C4200F0D6DA /* DownloadButton-Example */,
				0045C78C27621C4200F0D6DA /* Products */,
				9B2746BA2C939E0BE343F88E /* Pods */,
				343F002E1C530AB07C610AB4 /* Frameworks */,
			);
			sourceTree = "<group>";
		};
		0045C78C27621C4200F0D6DA /* Products */ = {
			isa = PBXGroup;
			children = (
				0045C78B27621C4200F0D6DA /* DownloadButton-Example.app */,
			);
			name = Products;
			sourceTree = "<group>";
		};
		0045C78D27621C4200F0D6DA /* DownloadButton-Example */ = {
			isa = PBXGroup;
			children = (
				0045C78E27621C4200F0D6DA /* AppDelegate.swift */,
				0045C79027621C4200F0D6DA /* SceneDelegate.swift */,
				0045C79227621C4200F0D6DA /* ViewController.swift */,
				0045C79427621C4200F0D6DA /* Main.storyboard */,
				0045C79727621C4400F0D6DA /* Assets.xcassets */,
				0045C79927621C4400F0D6DA /* LaunchScreen.storyboard */,
				0045C79C27621C4400F0D6DA /* Info.plist */,
			);
			path = "DownloadButton-Example";
			sourceTree = "<group>";
		};
		343F002E1C530AB07C610AB4 /* Frameworks */ = {
			isa = PBXGroup;
			children = (
				9CCE5D88486AFFC4629AE6E6 /* Pods_DownloadButton_Example.framework */,
			);
			name = Frameworks;
			sourceTree = "<group>";
		};
		9B2746BA2C939E0BE343F88E /* Pods */ = {
			isa = PBXGroup;
			children = (
				82D8DC0AD3D913F3217F7CAD /* Pods-DownloadButton-Example.debug.xcconfig */,
				FA2B379101F7AE61492078DB /* Pods-DownloadButton-Example.release.xcconfig */,
			);
			name = Pods;
			path = Pods;
			sourceTree = "<group>";
		};
/* End PBXGroup section */

/* Begin PBXNativeTarget section */
		0045C78A27621C4200F0D6DA /* DownloadButton-Example */ = {
			isa = PBXNativeTarget;
			buildConfigurationList = 0045C79F27621C4400F0D6DA /* Build configuration list for PBXNativeTarget "DownloadButton-Example" */;
			buildPhases = (
				D6EBA391F739902D79F3CA42 /* [CP] Check Pods Manifest.lock */,
				0045C78727621C4200F0D6DA /* Sources */,
				0045C78827621C4200F0D6DA /* Frameworks */,
				0045C78927621C4200F0D6DA /* Resources */,
			);
			buildRules = (
			);
			dependencies = (
			);
			name = "DownloadButton-Example";
			productName = "DownloadButton-Example";
			productReference = 0045C78B27621C4200F0D6DA /* DownloadButton-Example.app */;
			productType = "com.apple.product-type.application";
		};
/* End PBXNativeTarget section */

/* Begin PBXProject section */
		0045C78327621C4200F0D6DA /* Project object */ = {
			isa = PBXProject;
			attributes = {
				BuildIndependentTargetsInParallel = 1;
				LastSwiftUpdateCheck = 1310;
				LastUpgradeCheck = 1310;
				TargetAttributes = {
					0045C78A27621C4200F0D6DA = {
						CreatedOnToolsVersion = 13.1;
					};
				};
			};
			buildConfigurationList = 0045C78627621C4200F0D6DA /* Build configuration list for PBXProject "DownloadButton-Example" */;
			compatibilityVersion = "Xcode 13.0";
			developmentRegion = en;
			hasScannedForEncodings = 0;
			knownRegions = (
				en,
				Base,
			);
			mainGroup = 0045C78227621C4200F0D6DA;
			productRefGroup = 0045C78C27621C4200F0D6DA /* Products */;
			projectDirPath = "";
			projectRoot = "";
			targets = (
				0045C78A27621C4200F0D6DA /* DownloadButton-Example */,
			);
		};
/* End PBXProject section */

/* Begin PBXResourcesBuildPhase section */
		0045C78927621C4200F0D6DA /* Resources */ = {
			isa = PBXResourcesBuildPhase;
			buildActionMask = 2147483647;
			files = (
				0045C79B27621C4400F0D6DA /* LaunchScreen.storyboard in Resources */,
				0045C79827621C4400F0D6DA /* Assets.xcassets in Resources */,
				0045C79627621C4200F0D6DA /* Main.storyboard in Resources */,
			);
			runOnlyForDeploymentPostprocessing = 0;
		};
/* End PBXResourcesBuildPhase section */

/* Begin PBXShellScriptBuildPhase section */
		D6EBA391F739902D79F3CA42 /* [CP] Check Pods Manifest.lock */ = {
			isa = PBXShellScriptBuildPhase;
			buildActionMask = 2147483647;
			files = (
			);
			inputFileListPaths = (
			);
			inputPaths = (
				"${PODS_PODFILE_DIR_PATH}/Podfile.lock",
				"${PODS_ROOT}/Manifest.lock",
			);
			name = "[CP] Check Pods Manifest.lock";
			outputFileListPaths = (
			);
			outputPaths = (
				"$(DERIVED_FILE_DIR)/Pods-DownloadButton-Example-checkManifestLockResult.txt",
			);
			runOnlyForDeploymentPostprocessing = 0;
			shellPath = /bin/sh;
			shellScript = "diff \"${PODS_PODFILE_DIR_PATH}/Podfile.lock\" \"${PODS_ROOT}/Manifest.lock\" > /dev/null\nif [ $? != 0 ] ; then\n    # print error to STDERR\n    echo \"error: The sandbox is not in sync with the Podfile.lock. Run 'pod install' or update your CocoaPods installation.\" >&2\n    exit 1\nfi\n# This output is used by Xcode 'outputs' to avoid re-running this script phase.\necho \"SUCCESS\" > \"${SCRIPT_OUTPUT_FILE_0}\"\n";
			showEnvVarsInLog = 0;
		};
/* End PBXShellScriptBuildPhase section */

/* Begin PBXSourcesBuildPhase section */
		0045C78727621C4200F0D6DA /* Sources */ = {
			isa = PBXSourcesBuildPhase;
			buildActionMask = 2147483647;
			files = (
				0045C79327621C4200F0D6DA /* ViewController.swift in Sources */,
				0045C78F27621C4200F0D6DA /* AppDelegate.swift in Sources */,
				0045C79127621C4200F0D6DA /* SceneDelegate.swift in Sources */,
			);
			runOnlyForDeploymentPostprocessing = 0;
		};
/* End PBXSourcesBuildPhase section */

/* Begin PBXVariantGroup section */
		0045C79427621C4200F0D6DA /* Main.storyboard */ = {
			isa = PBXVariantGroup;
			children = (
				0045C79527621C4200F0D6DA /* Base */,
			);
			name = Main.storyboard;
			sourceTree = "<group>";
		};
		0045C79927621C4400F0D6DA /* LaunchScreen.storyboard */ = {
			isa = PBXVariantGroup;
			children = (
				0045C79A27621C4400F0D6DA /* Base */,
			);
			name = LaunchScreen.storyboard;
			sourceTree = "<group>";
		};
/* End PBXVariantGroup section */

/* Begin XCBuildConfiguration section */
		0045C79D27621C4400F0D6DA /* Debug */ = {
			isa = XCBuildConfiguration;
			buildSettings = {
				ALWAYS_SEARCH_USER_PATHS = NO;
				CLANG_ANALYZER_NONNULL = YES;
				CLANG_ANALYZER_NUMBER_OBJECT_CONVERSION = YES_AGGRESSIVE;
				CLANG_CXX_LANGUAGE_STANDARD = "gnu++17";
				CLANG_CXX_LIBRARY = "libc++";
				CLANG_ENABLE_MODULES = YES;
				CLANG_ENABLE_OBJC_ARC = YES;
				CLANG_ENABLE_OBJC_WEAK = YES;
				CLANG_WARN_BLOCK_CAPTURE_AUTORELEASING = YES;
				CLANG_WARN_BOOL_CONVERSION = YES;
				CLANG_WARN_COMMA = YES;
				CLANG_WARN_CONSTANT_CONVERSION = YES;
				CLANG_WARN_DEPRECATED_OBJC_IMPLEMENTATIONS = YES;
				CLANG_WARN_DIRECT_OBJC_ISA_USAGE = YES_ERROR;
				CLANG_WARN_DOCUMENTATION_COMMENTS = YES;
				CLANG_WARN_EMPTY_BODY = YES;
				CLANG_WARN_ENUM_CONVERSION = YES;
				CLANG_WARN_INFINITE_RECURSION = YES;
				CLANG_WARN_INT_CONVERSION = YES;
				CLANG_WARN_NON_LITERAL_NULL_CONVERSION = YES;
				CLANG_WARN_OBJC_IMPLICIT_RETAIN_SELF = YES;
				CLANG_WARN_OBJC_LITERAL_CONVERSION = YES;
				CLANG_WARN_OBJC_ROOT_CLASS = YES_ERROR;
				CLANG_WARN_QUOTED_INCLUDE_IN_FRAMEWORK_HEADER = YES;
				CLANG_WARN_RANGE_LOOP_ANALYSIS = YES;
				CLANG_WARN_STRICT_PROTOTYPES = YES;
				CLANG_WARN_SUSPICIOUS_MOVE = YES;
				CLANG_WARN_UNGUARDED_AVAILABILITY = YES_AGGRESSIVE;
				CLANG_WARN_UNREACHABLE_CODE = YES;
				CLANG_WARN__DUPLICATE_METHOD_MATCH = YES;
				COPY_PHASE_STRIP = NO;
				DEBUG_INFORMATION_FORMAT = dwarf;
				ENABLE_STRICT_OBJC_MSGSEND = YES;
				ENABLE_TESTABILITY = YES;
				GCC_C_LANGUAGE_STANDARD = gnu11;
				GCC_DYNAMIC_NO_PIC = NO;
				GCC_NO_COMMON_BLOCKS = YES;
				GCC_OPTIMIZATION_LEVEL = 0;
				GCC_PREPROCESSOR_DEFINITIONS = (
					"DEBUG=1",
					"$(inherited)",
				);
				GCC_WARN_64_TO_32_BIT_CONVERSION = YES;
				GCC_WARN_ABOUT_RETURN_TYPE = YES_ERROR;
				GCC_WARN_UNDECLARED_SELECTOR = YES;
				GCC_WARN_UNINITIALIZED_AUTOS = YES_AGGRESSIVE;
				GCC_WARN_UNUSED_FUNCTION = YES;
				GCC_WARN_UNUSED_VARIABLE = YES;
				IPHONEOS_DEPLOYMENT_TARGET = 15.0;
				MTL_ENABLE_DEBUG_INFO = INCLUDE_SOURCE;
				MTL_FAST_MATH = YES;
				ONLY_ACTIVE_ARCH = YES;
				SDKROOT = iphoneos;
				SWIFT_ACTIVE_COMPILATION_CONDITIONS = DEBUG;
				SWIFT_OPTIMIZATION_LEVEL = "-Onone";
			};
			name = Debug;
		};
		0045C79E27621C4400F0D6DA /* Release */ = {
			isa = XCBuildConfiguration;
			buildSettings = {
				ALWAYS_SEARCH_USER_PATHS = NO;
				CLANG_ANALYZER_NONNULL = YES;
				CLANG_ANALYZER_NUMBER_OBJECT_CONVERSION = YES_AGGRESSIVE;
				CLANG_CXX_LANGUAGE_STANDARD = "gnu++17";
				CLANG_CXX_LIBRARY = "libc++";
				CLANG_ENABLE_MODULES = YES;
				CLANG_ENABLE_OBJC_ARC = YES;
				CLANG_ENABLE_OBJC_WEAK = YES;
				CLANG_WARN_BLOCK_CAPTURE_AUTORELEASING = YES;
				CLANG_WARN_BOOL_CONVERSION = YES;
				CLANG_WARN_COMMA = YES;
				CLANG_WARN_CONSTANT_CONVERSION = YES;
				CLANG_WARN_DEPRECATED_OBJC_IMPLEMENTATIONS = YES;
				CLANG_WARN_DIRECT_OBJC_ISA_USAGE = YES_ERROR;
				CLANG_WARN_DOCUMENTATION_COMMENTS = YES;
				CLANG_WARN_EMPTY_BODY = YES;
				CLANG_WARN_ENUM_CONVERSION = YES;
				CLANG_WARN_INFINITE_RECURSION = YES;
				CLANG_WARN_INT_CONVERSION = YES;
				CLANG_WARN_NON_LITERAL_NULL_CONVERSION = YES;
				CLANG_WARN_OBJC_IMPLICIT_RETAIN_SELF = YES;
				CLANG_WARN_OBJC_LITERAL_CONVERSION = YES;
				CLANG_WARN_OBJC_ROOT_CLASS = YES_ERROR;
				CLANG_WARN_QUOTED_INCLUDE_IN_FRAMEWORK_HEADER = YES;
				CLANG_WARN_RANGE_LOOP_ANALYSIS = YES;
				CLANG_WARN_STRICT_PROTOTYPES = YES;
				CLANG_WARN_SUSPICIOUS_MOVE = YES;
				CLANG_WARN_UNGUARDED_AVAILABILITY = YES_AGGRESSIVE;
				CLANG_WARN_UNREACHABLE_CODE = YES;
				CLANG_WARN__DUPLICATE_METHOD_MATCH = YES;
				COPY_PHASE_STRIP = NO;
				DEBUG_INFORMATION_FORMAT = "dwarf-with-dsym";
				ENABLE_NS_ASSERTIONS = NO;
				ENABLE_STRICT_OBJC_MSGSEND = YES;
				GCC_C_LANGUAGE_STANDARD = gnu11;
				GCC_NO_COMMON_BLOCKS = YES;
				GCC_WARN_64_TO_32_BIT_CONVERSION = YES;
				GCC_WARN_ABOUT_RETURN_TYPE = YES_ERROR;
				GCC_WARN_UNDECLARED_SELECTOR = YES;
				GCC_WARN_UNINITIALIZED_AUTOS = YES_AGGRESSIVE;
				GCC_WARN_UNUSED_FUNCTION = YES;
				GCC_WARN_UNUSED_VARIABLE = YES;
				IPHONEOS_DEPLOYMENT_TARGET = 15.0;
				MTL_ENABLE_DEBUG_INFO = NO;
				MTL_FAST_MATH = YES;
				SDKROOT = iphoneos;
				SWIFT_COMPILATION_MODE = wholemodule;
				SWIFT_OPTIMIZATION_LEVEL = "-O";
				VALIDATE_PRODUCT = YES;
			};
			name = Release;
		};
		0045C7A027621C4400F0D6DA /* Debug */ = {
			isa = XCBuildConfiguration;
			baseConfigurationReference = 82D8DC0AD3D913F3217F7CAD /* Pods-DownloadButton-Example.debug.xcconfig */;
			buildSettings = {
				ASSETCATALOG_COMPILER_APPICON_NAME = AppIcon;
				ASSETCATALOG_COMPILER_GLOBAL_ACCENT_COLOR_NAME = AccentColor;
				CODE_SIGN_STYLE = Automatic;
				CURRENT_PROJECT_VERSION = 1;
				GENERATE_INFOPLIST_FILE = YES;
				INFOPLIST_FILE = "DownloadButton-Example/Info.plist";
				INFOPLIST_KEY_UIApplicationSupportsIndirectInputEvents = YES;
				INFOPLIST_KEY_UILaunchStoryboardName = LaunchScreen;
				INFOPLIST_KEY_UIMainStoryboardFile = Main;
				INFOPLIST_KEY_UISupportedInterfaceOrientations_iPad = "UIInterfaceOrientationPortrait UIInterfaceOrientationPortraitUpsideDown UIInterfaceOrientationLandscapeLeft UIInterfaceOrientationLandscapeRight";
				INFOPLIST_KEY_UISupportedInterfaceOrientations_iPhone = "UIInterfaceOrientationPortrait UIInterfaceOrientationLandscapeLeft UIInterfaceOrientationLandscapeRight";
				LD_RUNPATH_SEARCH_PATHS = (
					"$(inherited)",
					"@executable_path/Frameworks",
				);
				MARKETING_VERSION = 1.0;
				PRODUCT_BUNDLE_IDENTIFIER = "com.Hansen.DownloadButton-Example";
				PRODUCT_NAME = "$(TARGET_NAME)";
				SWIFT_EMIT_LOC_STRINGS = YES;
				SWIFT_VERSION = 5.0;
				TARGETED_DEVICE_FAMILY = "1,2";
			};
			name = Debug;
		};
		0045C7A127621C4400F0D6DA /* Release */ = {
			isa = XCBuildConfiguration;
			baseConfigurationReference = FA2B379101F7AE61492078DB /* Pods-DownloadButton-Example.release.xcconfig */;
			buildSettings = {
				ASSETCATALOG_COMPILER_APPICON_NAME = AppIcon;
				ASSETCATALOG_COMPILER_GLOBAL_ACCENT_COLOR_NAME = AccentColor;
				CODE_SIGN_STYLE = Automatic;
				CURRENT_PROJECT_VERSION = 1;
				GENERATE_INFOPLIST_FILE = YES;
				INFOPLIST_FILE = "DownloadButton-Example/Info.plist";
				INFOPLIST_KEY_UIApplicationSupportsIndirectInputEvents = YES;
				INFOPLIST_KEY_UILaunchStoryboardName = LaunchScreen;
				INFOPLIST_KEY_UIMainStoryboardFile = Main;
				INFOPLIST_KEY_UISupportedInterfaceOrientations_iPad = "UIInterfaceOrientationPortrait UIInterfaceOrientationPortraitUpsideDown UIInterfaceOrientationLandscapeLeft UIInterfaceOrientationLandscapeRight";
				INFOPLIST_KEY_UISupportedInterfaceOrientations_iPhone = "UIInterfaceOrientationPortrait UIInterfaceOrientationLandscapeLeft UIInterfaceOrientationLandscapeRight";
				LD_RUNPATH_SEARCH_PATHS = (
					"$(inherited)",
					"@executable_path/Frameworks",
				);
				MARKETING_VERSION = 1.0;
				PRODUCT_BUNDLE_IDENTIFIER = "com.Hansen.DownloadButton-Example";
				PRODUCT_NAME = "$(TARGET_NAME)";
				SWIFT_EMIT_LOC_STRINGS = YES;
				SWIFT_VERSION = 5.0;
				TARGETED_DEVICE_FAMILY = "1,2";
			};
			name = Release;
		};
/* End XCBuildConfiguration section */

/* Begin XCConfigurationList section */
		0045C78627621C4200F0D6DA /* Build configuration list for PBXProject "DownloadButton-Example" */ = {
			isa = XCConfigurationList;
			buildConfigurations = (
				0045C79D27621C4400F0D6DA /* Debug */,
				0045C79E27621C4400F0D6DA /* Release */,
			);
			defaultConfigurationIsVisible = 0;
			defaultConfigurationName = Release;
		};
		0045C79F27621C4400F0D6DA /* Build configuration list for PBXNativeTarget "DownloadButton-Example" */ = {
			isa = XCConfigurationList;
			buildConfigurations = (
				0045C7A027621C4400F0D6DA /* Debug */,
				0045C7A127621C4400F0D6DA /* Release */,
			);
			defaultConfigurationIsVisible = 0;
			defaultConfigurationName = Release;
		};
/* End XCConfigurationList section */
	};
	rootObject = 0045C78327621C4200F0D6DA /* Project object */;
}
